
Microsoft Visual Studio Solution File, Format Version 12.00
# Visual Studio Version 16
VisualStudioVersion = 16.0.30413.136
MinimumVisualStudioVersion = 10.0.40219.1
Project("{9A19103F-16F7-4668-BE54-9A1E7A4F7556}") = "ProductMVCApp", "ProductMVCApp.csproj", "{22388E2D-02C6-4A1F-8620-0C7B8CFB7822}"
EndProject
Project("{9A19103F-16F7-4668-BE54-9A1E7A4F7556}") = "ProductApi", "..\..\ProductApi-master\ProductApi-master\ProductApi.csproj", "{A13B1E72-505C-4089-B6FD-B96F9B169212}"
EndProject
Global
	GlobalSection(SolutionConfigurationPlatforms) = preSolution
		Debug|Any CPU = Debug|Any CPU
		Release|Any CPU = Release|Any CPU
	EndGlobalSection
	GlobalSection(ProjectConfigurationPlatforms) = postSolution
		{22388E2D-02C6-4A1F-8620-0C7B8CFB7822}.Debug|Any CPU.ActiveCfg = Debug|Any CPU
		{22388E2D-02C6-4A1F-8620-0C7B8CFB7822}.Debug|Any CPU.Build.0 = Debug|Any CPU
		{22388E2D-02C6-4A1F-8620-0C7B8CFB7822}.Release|Any CPU.ActiveCfg = Release|Any CPU
		{22388E2D-02C6-4A1F-8620-0C7B8CFB7822}.Release|Any CPU.Build.0 = Release|Any CPU
		{A13B1E72-505C-4089-B6FD-B96F9B169212}.Debug|Any CPU.ActiveCfg = Debug|Any CPU
		{A13B1E72-505C-4089-B6FD-B96F9B169212}.Debug|Any CPU.Build.0 = Debug|Any CPU
		{A13B1E72-505C-4089-B6FD-B96F9B169212}.Release|Any CPU.ActiveCfg = Release|Any CPU
		{A13B1E72-505C-4089-B6FD-B96F9B169212}.Release|Any CPU.Build.0 = Release|Any CPU
	EndGlobalSection
	GlobalSection(SolutionProperties) = preSolution
		HideSolutionNode = FALSE
	EndGlobalSection
	GlobalSection(ExtensibilityGlobals) = postSolution
		SolutionGuid = {1EA0F1B6-4A6F-499E-8F19-D3B62E7CDDC0}
	EndGlobalSection
EndGlobal
